<?xml version="1.0" encoding="utf-8"?>
<Project ToolsVersion="4.0" xmlns="http://schemas.microsoft.com/developer/msbuild/2003">
  <ItemGroup>
    <Filter Include="proto">
      <UniqueIdentifier>{0f44ef7f-1161-4b05-8c18-daab7f446bf3}</UniqueIdentifier>
    </Filter>
  </ItemGroup>
  <ItemGroup>
    <ClCompile Include="..\Common\include\proto\Ball.pb.cc">
      <Filter>proto</Filter>
    </ClCompile>
    <ClCompile Include="main.cpp" />
  </ItemGroup>
  <ItemGroup>
    <ClInclude Include="..\Common\include\proto\Ball.pb.h">
      <Filter>proto</Filter>
    </ClInclude>
  </ItemGroup>
</Project>