<?xml version="1.0" encoding="utf-8"?>
<Project ToolsVersion="4.0" xmlns="http://schemas.microsoft.com/developer/msbuild/2003">
  <ItemGroup>
    <Filter Include="proto">
      <UniqueIdentifier>{0f44ef7f-1161-4b05-8c18-daab7f446bf3}</UniqueIdentifier>
    </Filter>
    <Filter Include="src">
      <UniqueIdentifier>{7fc4b258-005f-4c4e-bc8c-d382a61e6a14}</UniqueIdentifier>
    </Filter>
    <Filter Include="src\systems">
      <UniqueIdentifier>{dab2636d-8a0d-4119-841e-497d081b246f}</UniqueIdentifier>
    </Filter>
    <Filter Include="src\singleton">
      <UniqueIdentifier>{46e79bfe-8c3e-4361-bf31-6f118a2f9218}</UniqueIdentifier>
    </Filter>
    <Filter Include="src\component">
      <UniqueIdentifier>{b5997b43-a8bc-4e84-a119-6144e9e44f0c}</UniqueIdentifier>
    </Filter>
  </ItemGroup>
  <ItemGroup>
    <ClCompile Include="..\Common\include\proto\Ball.pb.cc">
      <Filter>proto</Filter>
    </ClCompile>
    <ClCompile Include="main.cpp" />
    <ClCompile Include="systems\NetManager.cpp">
      <Filter>src\systems</Filter>
    </ClCompile>
    <ClCompile Include="..\BaseEngine\singleton\ProtobufCodec.cpp">
      <Filter>src\singleton</Filter>
    </ClCompile>
    <ClCompile Include="systems\BallCreateSystem.cpp">
      <Filter>src\systems</Filter>
    </ClCompile>
    <ClCompile Include="systems\WindowSystem.cpp">
      <Filter>src\systems</Filter>
    </ClCompile>
    <ClCompile Include="systems\BallRenderSystem.cpp">
      <Filter>src\systems</Filter>
    </ClCompile>
    <ClCompile Include="systems\MoveManager.cpp">
      <Filter>src\systems</Filter>
    </ClCompile>
    <ClCompile Include="systems\NetShakeHandManager.cpp">
      <Filter>src\systems</Filter>
    </ClCompile>
    <ClCompile Include="..\Common\include\proto\Shakehand.pb.cc">
      <Filter>proto</Filter>
    </ClCompile>
  </ItemGroup>
  <ItemGroup>
    <ClInclude Include="..\Common\include\proto\Ball.pb.h">
      <Filter>proto</Filter>
    </ClInclude>
    <ClInclude Include="..\BaseEngine\systems\SystemManager.h">
      <Filter>src\systems</Filter>
    </ClInclude>
    <ClInclude Include="systems\NetManager.h">
      <Filter>src\systems</Filter>
    </ClInclude>
    <ClInclude Include="singleton\ClientNetInfo.h">
      <Filter>src\singleton</Filter>
    </ClInclude>
    <ClInclude Include="..\BaseEngine\singleton\ProtobufDispatcher.h">
      <Filter>src\singleton</Filter>
    </ClInclude>
    <ClInclude Include="..\BaseEngine\singleton\ProtobufCodec.h">
      <Filter>src\singleton</Filter>
    </ClInclude>
    <ClInclude Include="singleton\BallManager.h">
      <Filter>src\singleton</Filter>
    </ClInclude>
    <ClInclude Include="..\BaseEngine\systems\RenderManager.h">
      <Filter>src\systems</Filter>
    </ClInclude>
    <ClInclude Include="singleton\GameWindow.h">
      <Filter>src\singleton</Filter>
    </ClInclude>
    <ClInclude Include="systems\BallCreateSystem.h">
      <Filter>src\systems</Filter>
    </ClInclude>
    <ClInclude Include="systems\WindowSystem.h">
      <Filter>src\systems</Filter>
    </ClInclude>
    <ClInclude Include="systems\BallRenderSystem.h">
      <Filter>src\systems</Filter>
    </ClInclude>
    <ClInclude Include="..\BaseEngine\systems\InputManager.h">
      <Filter>src\singleton</Filter>
    </ClInclude>
    <ClInclude Include="systems\MoveManager.h">
      <Filter>src\systems</Filter>
    </ClInclude>
    <ClInclude Include="components\PositionComponent.h">
      <Filter>src\component</Filter>
    </ClInclude>
    <ClInclude Include="components\VectorComponent.h">
      <Filter>src\component</Filter>
    </ClInclude>
    <ClInclude Include="components\ObjectidComponent.h">
      <Filter>src\component</Filter>
    </ClInclude>
    <ClInclude Include="components\ShakeHandComponent.h">
      <Filter>src\component</Filter>
    </ClInclude>
    <ClInclude Include="..\Common\include\proto\Shakehand.pb.h">
      <Filter>proto</Filter>
    </ClInclude>
  </ItemGroup>
</Project>