
Microsoft Visual Studio Solution File, Format Version 12.00
# Visual Studio Version 16
VisualStudioVersion = 16.0.30011.22
MinimumVisualStudioVersion = 10.0.40219.1
Project("{8BC9CEB8-8B4A-11D0-8D11-00A0C91BC942}") = "ZEPEngine", "ZEP.vcxproj", "{FFEF9BDA-63AD-4DCF-8BEF-7F7C18653479}"
EndProject
Project("{8BC9CEB8-8B4A-11D0-8D11-00A0C91BC942}") = "Server", "Server\Server.vcxproj", "{FBF6E3C1-1BE8-458E-A284-006DE127D7F5}"
EndProject
Project("{8BC9CEB8-8B4A-11D0-8D11-00A0C91BC942}") = "Client", "Client\Client.vcxproj", "{DC41D7CD-A4FE-46A3-84BB-61AAD617E370}"
EndProject
Global
	GlobalSection(SolutionConfigurationPlatforms) = preSolution
		Debug|x64 = Debug|x64
		Debug|x86 = Debug|x86
		Release|x64 = Release|x64
		Release|x86 = Release|x86
	EndGlobalSection
	GlobalSection(ProjectConfigurationPlatforms) = postSolution
		{FFEF9BDA-63AD-4DCF-8BEF-7F7C18653479}.Debug|x64.ActiveCfg = Debug|x64
		{FFEF9BDA-63AD-4DCF-8BEF-7F7C18653479}.Debug|x64.Build.0 = Debug|x64
		{FFEF9BDA-63AD-4DCF-8BEF-7F7C18653479}.Debug|x86.ActiveCfg = Debug|Win32
		{FFEF9BDA-63AD-4DCF-8BEF-7F7C18653479}.Debug|x86.Build.0 = Debug|Win32
		{FFEF9BDA-63AD-4DCF-8BEF-7F7C18653479}.Release|x64.ActiveCfg = Release|x64
		{FFEF9BDA-63AD-4DCF-8BEF-7F7C18653479}.Release|x64.Build.0 = Release|x64
		{FFEF9BDA-63AD-4DCF-8BEF-7F7C18653479}.Release|x86.ActiveCfg = Release|Win32
		{FFEF9BDA-63AD-4DCF-8BEF-7F7C18653479}.Release|x86.Build.0 = Release|Win32
		{FBF6E3C1-1BE8-458E-A284-006DE127D7F5}.Debug|x64.ActiveCfg = Debug|x64
		{FBF6E3C1-1BE8-458E-A284-006DE127D7F5}.Debug|x64.Build.0 = Debug|x64
		{FBF6E3C1-1BE8-458E-A284-006DE127D7F5}.Debug|x86.ActiveCfg = Debug|Win32
		{FBF6E3C1-1BE8-458E-A284-006DE127D7F5}.Debug|x86.Build.0 = Debug|Win32
		{FBF6E3C1-1BE8-458E-A284-006DE127D7F5}.Release|x64.ActiveCfg = Release|x64
		{FBF6E3C1-1BE8-458E-A284-006DE127D7F5}.Release|x64.Build.0 = Release|x64
		{FBF6E3C1-1BE8-458E-A284-006DE127D7F5}.Release|x86.ActiveCfg = Release|Win32
		{FBF6E3C1-1BE8-458E-A284-006DE127D7F5}.Release|x86.Build.0 = Release|Win32
		{DC41D7CD-A4FE-46A3-84BB-61AAD617E370}.Debug|x64.ActiveCfg = Debug|x64
		{DC41D7CD-A4FE-46A3-84BB-61AAD617E370}.Debug|x64.Build.0 = Debug|x64
		{DC41D7CD-A4FE-46A3-84BB-61AAD617E370}.Debug|x86.ActiveCfg = Debug|Win32
		{DC41D7CD-A4FE-46A3-84BB-61AAD617E370}.Debug|x86.Build.0 = Debug|Win32
		{DC41D7CD-A4FE-46A3-84BB-61AAD617E370}.Release|x64.ActiveCfg = Release|x64
		{DC41D7CD-A4FE-46A3-84BB-61AAD617E370}.Release|x64.Build.0 = Release|x64
		{DC41D7CD-A4FE-46A3-84BB-61AAD617E370}.Release|x86.ActiveCfg = Release|Win32
		{DC41D7CD-A4FE-46A3-84BB-61AAD617E370}.Release|x86.Build.0 = Release|Win32
	EndGlobalSection
	GlobalSection(SolutionProperties) = preSolution
		HideSolutionNode = FALSE
	EndGlobalSection
	GlobalSection(ExtensibilityGlobals) = postSolution
		SolutionGuid = {AE436E38-917E-4BE1-BA9C-92EE56559E6F}
	EndGlobalSection
EndGlobal
