<?xml version="1.0" encoding="utf-8"?>
<Project ToolsVersion="4.0" xmlns="http://schemas.microsoft.com/developer/msbuild/2003">
  <ItemGroup>
    <Filter Include="entt">
      <UniqueIdentifier>{c4ae9aa9-ff64-433b-bd0e-e745f076a3e4}</UniqueIdentifier>
    </Filter>
    <Filter Include="src">
      <UniqueIdentifier>{5fc3cf6a-b781-450c-863f-5263a4580262}</UniqueIdentifier>
    </Filter>
    <Filter Include="proto">
      <UniqueIdentifier>{ffda134a-90d1-4bd8-a506-4bd6d430cace}</UniqueIdentifier>
    </Filter>
  </ItemGroup>
  <ItemGroup>
    <ClCompile Include="main.cpp">
      <Filter>src</Filter>
    </ClCompile>
    <ClCompile Include="..\..\Common\include\proto\Ball.pb.cc">
      <Filter>proto</Filter>
    </ClCompile>
  </ItemGroup>
  <ItemGroup>
    <ClInclude Include="..\..\Common\include\entt.hpp">
      <Filter>entt</Filter>
    </ClInclude>
    <ClInclude Include="..\..\Common\include\proto\Ball.pb.h">
      <Filter>proto</Filter>
    </ClInclude>
  </ItemGroup>
</Project>